
Microsoft Visual Studio Solution File, Format Version 12.00
# Visual Studio Version 17
VisualStudioVersion = 17.0.31903.59
MinimumVisualStudioVersion = 10.0.40219.1
Project("{FAE04EC0-301F-11D3-BF4B-00C04F79EFBC}") = "LimeMeta", "LimeMeta\LimeMeta.csproj", "{1FB6DF0C-5DEF-4828-ADBB-C3AAD493983D}"
EndProject
Project("{FAE04EC0-301F-11D3-BF4B-00C04F79EFBC}") = "LimeMeta.GraphQL", "LimeMeta.GraphQL\LimeMeta.GraphQL.csproj", "{3BF5B838-98A5-4AFF-8429-42E2F63759B6}"
EndProject
Project("{FAE04EC0-301F-11D3-BF4B-00C04F79EFBC}") = "LimeMeta.Workflow", "LimeMeta.Workflow\LimeMeta.Workflow.csproj", "{84D999FD-2370-470D-B355-AC201F4BB2D2}"
EndProject
Project("{FAE04EC0-301F-11D3-BF4B-00C04F79EFBC}") = "LimeMeta.WebAPI", "LimeMeta.WebAPI\LimeMeta.WebAPI.csproj", "{0EB22429-FC77-4855-9B4B-7FBA8C57CCF1}"
EndProject
Global
	GlobalSection(SolutionConfigurationPlatforms) = preSolution
		Debug|Any CPU = Debug|Any CPU
		Debug|x64 = Debug|x64
		Debug|x86 = Debug|x86
		Release|Any CPU = Release|Any CPU
		Release|x64 = Release|x64
		Release|x86 = Release|x86
	EndGlobalSection
	GlobalSection(ProjectConfigurationPlatforms) = postSolution
		{1FB6DF0C-5DEF-4828-ADBB-C3AAD493983D}.Debug|Any CPU.ActiveCfg = Debug|Any CPU
		{1FB6DF0C-5DEF-4828-ADBB-C3AAD493983D}.Debug|Any CPU.Build.0 = Debug|Any CPU
		{1FB6DF0C-5DEF-4828-ADBB-C3AAD493983D}.Debug|x64.ActiveCfg = Debug|Any CPU
		{1FB6DF0C-5DEF-4828-ADBB-C3AAD493983D}.Debug|x64.Build.0 = Debug|Any CPU
		{1FB6DF0C-5DEF-4828-ADBB-C3AAD493983D}.Debug|x86.ActiveCfg = Debug|Any CPU
		{1FB6DF0C-5DEF-4828-ADBB-C3AAD493983D}.Debug|x86.Build.0 = Debug|Any CPU
		{1FB6DF0C-5DEF-4828-ADBB-C3AAD493983D}.Release|Any CPU.ActiveCfg = Release|Any CPU
		{1FB6DF0C-5DEF-4828-ADBB-C3AAD493983D}.Release|Any CPU.Build.0 = Release|Any CPU
		{1FB6DF0C-5DEF-4828-ADBB-C3AAD493983D}.Release|x64.ActiveCfg = Release|Any CPU
		{1FB6DF0C-5DEF-4828-ADBB-C3AAD493983D}.Release|x64.Build.0 = Release|Any CPU
		{1FB6DF0C-5DEF-4828-ADBB-C3AAD493983D}.Release|x86.ActiveCfg = Release|Any CPU
		{1FB6DF0C-5DEF-4828-ADBB-C3AAD493983D}.Release|x86.Build.0 = Release|Any CPU
		{3BF5B838-98A5-4AFF-8429-42E2F63759B6}.Debug|Any CPU.ActiveCfg = Debug|Any CPU
		{3BF5B838-98A5-4AFF-8429-42E2F63759B6}.Debug|Any CPU.Build.0 = Debug|Any CPU
		{3BF5B838-98A5-4AFF-8429-42E2F63759B6}.Debug|x64.ActiveCfg = Debug|Any CPU
		{3BF5B838-98A5-4AFF-8429-42E2F63759B6}.Debug|x64.Build.0 = Debug|Any CPU
		{3BF5B838-98A5-4AFF-8429-42E2F63759B6}.Debug|x86.ActiveCfg = Debug|Any CPU
		{3BF5B838-98A5-4AFF-8429-42E2F63759B6}.Debug|x86.Build.0 = Debug|Any CPU
		{3BF5B838-98A5-4AFF-8429-42E2F63759B6}.Release|Any CPU.ActiveCfg = Release|Any CPU
		{3BF5B838-98A5-4AFF-8429-42E2F63759B6}.Release|Any CPU.Build.0 = Release|Any CPU
		{3BF5B838-98A5-4AFF-8429-42E2F63759B6}.Release|x64.ActiveCfg = Release|Any CPU
		{3BF5B838-98A5-4AFF-8429-42E2F63759B6}.Release|x64.Build.0 = Release|Any CPU
		{3BF5B838-98A5-4AFF-8429-42E2F63759B6}.Release|x86.ActiveCfg = Release|Any CPU
		{3BF5B838-98A5-4AFF-8429-42E2F63759B6}.Release|x86.Build.0 = Release|Any CPU
		{84D999FD-2370-470D-B355-AC201F4BB2D2}.Debug|Any CPU.ActiveCfg = Debug|Any CPU
		{84D999FD-2370-470D-B355-AC201F4BB2D2}.Debug|Any CPU.Build.0 = Debug|Any CPU
		{84D999FD-2370-470D-B355-AC201F4BB2D2}.Debug|x64.ActiveCfg = Debug|Any CPU
		{84D999FD-2370-470D-B355-AC201F4BB2D2}.Debug|x64.Build.0 = Debug|Any CPU
		{84D999FD-2370-470D-B355-AC201F4BB2D2}.Debug|x86.ActiveCfg = Debug|Any CPU
		{84D999FD-2370-470D-B355-AC201F4BB2D2}.Debug|x86.Build.0 = Debug|Any CPU
		{84D999FD-2370-470D-B355-AC201F4BB2D2}.Release|Any CPU.ActiveCfg = Release|Any CPU
		{84D999FD-2370-470D-B355-AC201F4BB2D2}.Release|Any CPU.Build.0 = Release|Any CPU
		{84D999FD-2370-470D-B355-AC201F4BB2D2}.Release|x64.ActiveCfg = Release|Any CPU
		{84D999FD-2370-470D-B355-AC201F4BB2D2}.Release|x64.Build.0 = Release|Any CPU
		{84D999FD-2370-470D-B355-AC201F4BB2D2}.Release|x86.ActiveCfg = Release|Any CPU
		{84D999FD-2370-470D-B355-AC201F4BB2D2}.Release|x86.Build.0 = Release|Any CPU
		{0EB22429-FC77-4855-9B4B-7FBA8C57CCF1}.Debug|Any CPU.ActiveCfg = Debug|Any CPU
		{0EB22429-FC77-4855-9B4B-7FBA8C57CCF1}.Debug|Any CPU.Build.0 = Debug|Any CPU
		{0EB22429-FC77-4855-9B4B-7FBA8C57CCF1}.Debug|x64.ActiveCfg = Debug|Any CPU
		{0EB22429-FC77-4855-9B4B-7FBA8C57CCF1}.Debug|x64.Build.0 = Debug|Any CPU
		{0EB22429-FC77-4855-9B4B-7FBA8C57CCF1}.Debug|x86.ActiveCfg = Debug|Any CPU
		{0EB22429-FC77-4855-9B4B-7FBA8C57CCF1}.Debug|x86.Build.0 = Debug|Any CPU
		{0EB22429-FC77-4855-9B4B-7FBA8C57CCF1}.Release|Any CPU.ActiveCfg = Release|Any CPU
		{0EB22429-FC77-4855-9B4B-7FBA8C57CCF1}.Release|Any CPU.Build.0 = Release|Any CPU
		{0EB22429-FC77-4855-9B4B-7FBA8C57CCF1}.Release|x64.ActiveCfg = Release|Any CPU
		{0EB22429-FC77-4855-9B4B-7FBA8C57CCF1}.Release|x64.Build.0 = Release|Any CPU
		{0EB22429-FC77-4855-9B4B-7FBA8C57CCF1}.Release|x86.ActiveCfg = Release|Any CPU
		{0EB22429-FC77-4855-9B4B-7FBA8C57CCF1}.Release|x86.Build.0 = Release|Any CPU
	EndGlobalSection
	GlobalSection(SolutionProperties) = preSolution
		HideSolutionNode = FALSE
	EndGlobalSection
EndGlobal
